// !$*UTF8*$!
{
	archiveVersion = 1;
	classes = {
	};
	objectVersion = 46;
	objects = {

/* Begin PBXBuildFile section */
		2906B4B31D2DE76D0097D73B /* AppDelegate.swift in Sources */ = {isa = PBXBuildFile; fileRef = 2906B4B21D2DE76D0097D73B /* AppDelegate.swift */; };
		2906B4B51D2DE76D0097D73B /* ViewController.swift in Sources */ = {isa = PBXBuildFile; fileRef = 2906B4B41D2DE76D0097D73B /* ViewController.swift */; };
		2906B4B71D2DE76D0097D73B /* Assets.xcassets in Resources */ = {isa = PBXBuildFile; fileRef = 2906B4B61D2DE76D0097D73B /* Assets.xcassets */; };
		2906B4BA1D2DE76D0097D73B /* Main.storyboard in Resources */ = {isa = PBXBuildFile; fileRef = 2906B4B81D2DE76D0097D73B /* Main.storyboard */; };
		2906B4C21D2DE8BB0097D73B /* GitHelper.swift in Sources */ = {isa = PBXBuildFile; fileRef = 2906B4C11D2DE8BB0097D73B /* GitHelper.swift */; };
		2906B4C41D2E413A0097D73B /* Branch.swift in Sources */ = {isa = PBXBuildFile; fileRef = 2906B4C31D2E413A0097D73B /* Branch.swift */; };
/* End PBXBuildFile section */

/* Begin PBXFileReference section */
		2906B4AF1D2DE76D0097D73B /* Puss.app */ = {isa = PBXFileReference; explicitFileType = wrapper.application; includeInIndex = 0; path = Puss.app; sourceTree = BUILT_PRODUCTS_DIR; };
		2906B4B21D2DE76D0097D73B /* AppDelegate.swift */ = {isa = PBXFileReference; lastKnownFileType = sourcecode.swift; path = AppDelegate.swift; sourceTree = "<group>"; };
		2906B4B41D2DE76D0097D73B /* ViewController.swift */ = {isa = PBXFileReference; lastKnownFileType = sourcecode.swift; path = ViewController.swift; sourceTree = "<group>"; };
		2906B4B61D2DE76D0097D73B /* Assets.xcassets */ = {isa = PBXFileReference; lastKnownFileType = folder.assetcatalog; path = Assets.xcassets; sourceTree = "<group>"; };
		2906B4B91D2DE76D0097D73B /* Base */ = {isa = PBXFileReference; lastKnownFileType = file.storyboard; name = Base; path = Base.lproj/Main.storyboard; sourceTree = "<group>"; };
		2906B4BB1D2DE76D0097D73B /* Info.plist */ = {isa = PBXFileReference; lastKnownFileType = text.plist.xml; path = Info.plist; sourceTree = "<group>"; };
		2906B4C11D2DE8BB0097D73B /* GitHelper.swift */ = {isa = PBXFileReference; fileEncoding = 4; lastKnownFileType = sourcecode.swift; path = GitHelper.swift; sourceTree = "<group>"; };
		2906B4C31D2E413A0097D73B /* Branch.swift */ = {isa = PBXFileReference; fileEncoding = 4; lastKnownFileType = sourcecode.swift; path = Branch.swift; sourceTree = "<group>"; };
/* End PBXFileReference section */

/* Begin PBXFrameworksBuildPhase section */
		2906B4AC1D2DE76D0097D73B /* Frameworks */ = {
			isa = PBXFrameworksBuildPhase;
			buildActionMask = 2147483647;
			files = (
			);
			runOnlyForDeploymentPostprocessing = 0;
		};
/* End PBXFrameworksBuildPhase section */

/* Begin PBXGroup section */
		2906B4A61D2DE76D0097D73B = {
			isa = PBXGroup;
			children = (
				2906B4B11D2DE76D0097D73B /* Puss */,
				2906B4B01D2DE76D0097D73B /* Products */,
			);
			sourceTree = "<group>";
		};
		2906B4B01D2DE76D0097D73B /* Products */ = {
			isa = PBXGroup;
			children = (
				2906B4AF1D2DE76D0097D73B /* Puss.app */,
			);
			name = Products;
			sourceTree = "<group>";
		};
		2906B4B11D2DE76D0097D73B /* Puss */ = {
			isa = PBXGroup;
			children = (
				2906B4C11D2DE8BB0097D73B /* GitHelper.swift */,
				2906B4B21D2DE76D0097D73B /* AppDelegate.swift */,
				2906B4B41D2DE76D0097D73B /* ViewController.swift */,
				2906B4B61D2DE76D0097D73B /* Assets.xcassets */,
				2906B4B81D2DE76D0097D73B /* Main.storyboard */,
				2906B4BB1D2DE76D0097D73B /* Info.plist */,
				2906B4C31D2E413A0097D73B /* Branch.swift */,
			);
			path = Puss;
			sourceTree = "<group>";
		};
/* End PBXGroup section */

/* Begin PBXNativeTarget section */
		2906B4AE1D2DE76D0097D73B /* Puss */ = {
			isa = PBXNativeTarget;
			buildConfigurationList = 2906B4BE1D2DE76D0097D73B /* Build configuration list for PBXNativeTarget "Puss" */;
			buildPhases = (
				2906B4AB1D2DE76D0097D73B /* Sources */,
				2906B4AC1D2DE76D0097D73B /* Frameworks */,
				2906B4AD1D2DE76D0097D73B /* Resources */,
			);
			buildRules = (
			);
			dependencies = (
			);
			name = Puss;
			productName = Puss;
			productReference = 2906B4AF1D2DE76D0097D73B /* Puss.app */;
			productType = "com.apple.product-type.application";
		};
/* End PBXNativeTarget section */

/* Begin PBXProject section */
		2906B4A71D2DE76D0097D73B /* Project object */ = {
			isa = PBXProject;
			attributes = {
				LastSwiftUpdateCheck = 0800;
				LastUpgradeCheck = 0800;
				ORGANIZATIONNAME = "Brian Han";
				TargetAttributes = {
					2906B4AE1D2DE76D0097D73B = {
						CreatedOnToolsVersion = 8.0;
						DevelopmentTeam = YEFEKSJC47;
						DevelopmentTeamName = "Brian Han (Personal Team)";
						ProvisioningStyle = Automatic;
					};
				};
			};
			buildConfigurationList = 2906B4AA1D2DE76D0097D73B /* Build configuration list for PBXProject "Puss" */;
			compatibilityVersion = "Xcode 3.2";
			developmentRegion = English;
			hasScannedForEncodings = 0;
			knownRegions = (
				en,
				Base,
			);
			mainGroup = 2906B4A61D2DE76D0097D73B;
			productRefGroup = 2906B4B01D2DE76D0097D73B /* Products */;
			projectDirPath = "";
			projectRoot = "";
			targets = (
				2906B4AE1D2DE76D0097D73B /* Puss */,
			);
		};
/* End PBXProject section */

/* Begin PBXResourcesBuildPhase section */
		2906B4AD1D2DE76D0097D73B /* Resources */ = {
			isa = PBXResourcesBuildPhase;
			buildActionMask = 2147483647;
			files = (
				2906B4B71D2DE76D0097D73B /* Assets.xcassets in Resources */,
				2906B4BA1D2DE76D0097D73B /* Main.storyboard in Resources */,
			);
			runOnlyForDeploymentPostprocessing = 0;
		};
/* End PBXResourcesBuildPhase section */

/* Begin PBXSourcesBuildPhase section */
		2906B4AB1D2DE76D0097D73B /* Sources */ = {
			isa = PBXSourcesBuildPhase;
			buildActionMask = 2147483647;
			files = (
				2906B4C21D2DE8BB0097D73B /* GitHelper.swift in Sources */,
				2906B4C41D2E413A0097D73B /* Branch.swift in Sources */,
				2906B4B51D2DE76D0097D73B /* ViewController.swift in Sources */,
				2906B4B31D2DE76D0097D73B /* AppDelegate.swift in Sources */,
			);
			runOnlyForDeploymentPostprocessing = 0;
		};
/* End PBXSourcesBuildPhase section */

/* Begin PBXVariantGroup section */
		2906B4B81D2DE76D0097D73B /* Main.storyboard */ = {
			isa = PBXVariantGroup;
			children = (
				2906B4B91D2DE76D0097D73B /* Base */,
			);
			name = Main.storyboard;
			sourceTree = "<group>";
		};
/* End PBXVariantGroup section */

/* Begin XCBuildConfiguration section */
		2906B4BC1D2DE76D0097D73B /* Debug */ = {
			isa = XCBuildConfiguration;
			buildSettings = {
				ALWAYS_SEARCH_USER_PATHS = NO;
				CLANG_ANALYZER_NONNULL = YES;
				CLANG_CXX_LANGUAGE_STANDARD = "gnu++0x";
				CLANG_CXX_LIBRARY = "libc++";
				CLANG_ENABLE_MODULES = YES;
				CLANG_ENABLE_OBJC_ARC = YES;
				CLANG_WARN_BOOL_CONVERSION = YES;
				CLANG_WARN_CONSTANT_CONVERSION = YES;
				CLANG_WARN_DIRECT_OBJC_ISA_USAGE = YES_ERROR;
				CLANG_WARN_DOCUMENTATION_COMMENTS = YES;
				CLANG_WARN_EMPTY_BODY = YES;
				CLANG_WARN_ENUM_CONVERSION = YES;
				CLANG_WARN_INT_CONVERSION = YES;
				CLANG_WARN_OBJC_ROOT_CLASS = YES_ERROR;
				CLANG_WARN_UNREACHABLE_CODE = YES;
				CLANG_WARN__DUPLICATE_METHOD_MATCH = YES;
				CODE_SIGN_IDENTITY = "-";
				COPY_PHASE_STRIP = NO;
				DEBUG_INFORMATION_FORMAT = dwarf;
				ENABLE_STRICT_OBJC_MSGSEND = YES;
				ENABLE_TESTABILITY = YES;
				GCC_C_LANGUAGE_STANDARD = gnu99;
				GCC_DYNAMIC_NO_PIC = NO;
				GCC_NO_COMMON_BLOCKS = YES;
				GCC_OPTIMIZATION_LEVEL = 0;
				GCC_PREPROCESSOR_DEFINITIONS = (
					"DEBUG=1",
					"$(inherited)",
				);
				GCC_WARN_64_TO_32_BIT_CONVERSION = YES;
				GCC_WARN_ABOUT_RETURN_TYPE = YES_ERROR;
				GCC_WARN_UNDECLARED_SELECTOR = YES;
				GCC_WARN_UNINITIALIZED_AUTOS = YES_AGGRESSIVE;
				GCC_WARN_UNUSED_FUNCTION = YES;
				GCC_WARN_UNUSED_VARIABLE = YES;
				MACOSX_DEPLOYMENT_TARGET = 10.11;
				MTL_ENABLE_DEBUG_INFO = YES;
				ONLY_ACTIVE_ARCH = YES;
				SDKROOT = macosx;
				SWIFT_ACTIVE_COMPILATION_CONDITIONS = DEBUG;
				SWIFT_OPTIMIZATION_LEVEL = "-Onone";
			};
			name = Debug;
		};
		2906B4BD1D2DE76D0097D73B /* Release */ = {
			isa = XCBuildConfiguration;
			buildSettings = {
				ALWAYS_SEARCH_USER_PATHS = NO;
				CLANG_ANALYZER_NONNULL = YES;
				CLANG_CXX_LANGUAGE_STANDARD = "gnu++0x";
				CLANG_CXX_LIBRARY = "libc++";
				CLANG_ENABLE_MODULES = YES;
				CLANG_ENABLE_OBJC_ARC = YES;
				CLANG_WARN_BOOL_CONVERSION = YES;
				CLANG_WARN_CONSTANT_CONVERSION = YES;
				CLANG_WARN_DIRECT_OBJC_ISA_USAGE = YES_ERROR;
				CLANG_WARN_DOCUMENTATION_COMMENTS = YES;
				CLANG_WARN_EMPTY_BODY = YES;
				CLANG_WARN_ENUM_CONVERSION = YES;
				CLANG_WARN_INT_CONVERSION = YES;
				CLANG_WARN_OBJC_ROOT_CLASS = YES_ERROR;
				CLANG_WARN_UNREACHABLE_CODE = YES;
				CLANG_WARN__DUPLICATE_METHOD_MATCH = YES;
				CODE_SIGN_IDENTITY = "-";
				COPY_PHASE_STRIP = NO;
				DEBUG_INFORMATION_FORMAT = "dwarf-with-dsym";
				ENABLE_NS_ASSERTIONS = NO;
				ENABLE_STRICT_OBJC_MSGSEND = YES;
				GCC_C_LANGUAGE_STANDARD = gnu99;
				GCC_NO_COMMON_BLOCKS = YES;
				GCC_WARN_64_TO_32_BIT_CONVERSION = YES;
				GCC_WARN_ABOUT_RETURN_TYPE = YES_ERROR;
				GCC_WARN_UNDECLARED_SELECTOR = YES;
				GCC_WARN_UNINITIALIZED_AUTOS = YES_AGGRESSIVE;
				GCC_WARN_UNUSED_FUNCTION = YES;
				GCC_WARN_UNUSED_VARIABLE = YES;
				MACOSX_DEPLOYMENT_TARGET = 10.11;
				MTL_ENABLE_DEBUG_INFO = NO;
				SDKROOT = macosx;
				SWIFT_OPTIMIZATION_LEVEL = "-Owholemodule";
			};
			name = Release;
		};
		2906B4BF1D2DE76D0097D73B /* Debug */ = {
			isa = XCBuildConfiguration;
			buildSettings = {
				ASSETCATALOG_COMPILER_APPICON_NAME = AppIcon;
				CODE_SIGN_IDENTITY = "Mac Developer";
				COMBINE_HIDPI_IMAGES = YES;
				INFOPLIST_FILE = Puss/Info.plist;
				LD_RUNPATH_SEARCH_PATHS = "$(inherited) @executable_path/../Frameworks";
				MACOSX_DEPLOYMENT_TARGET = 10.10;
				PRODUCT_BUNDLE_IDENTIFIER = idv.brian.mac.Puss;
				PRODUCT_NAME = "$(TARGET_NAME)";
				SWIFT_VERSION = 3.0;
			};
			name = Debug;
		};
		2906B4C01D2DE76D0097D73B /* Release */ = {
			isa = XCBuildConfiguration;
			buildSettings = {
				ASSETCATALOG_COMPILER_APPICON_NAME = AppIcon;
				CODE_SIGN_IDENTITY = "Mac Developer";
				COMBINE_HIDPI_IMAGES = YES;
				INFOPLIST_FILE = Puss/Info.plist;
				LD_RUNPATH_SEARCH_PATHS = "$(inherited) @executable_path/../Frameworks";
				MACOSX_DEPLOYMENT_TARGET = 10.10;
				PRODUCT_BUNDLE_IDENTIFIER = idv.brian.mac.Puss;
				PRODUCT_NAME = "$(TARGET_NAME)";
				SWIFT_VERSION = 3.0;
			};
			name = Release;
		};
/* End XCBuildConfiguration section */

/* Begin XCConfigurationList section */
		2906B4AA1D2DE76D0097D73B /* Build configuration list for PBXProject "Puss" */ = {
			isa = XCConfigurationList;
			buildConfigurations = (
				2906B4BC1D2DE76D0097D73B /* Debug */,
				2906B4BD1D2DE76D0097D73B /* Release */,
			);
			defaultConfigurationIsVisible = 0;
			defaultConfigurationName = Release;
		};
		2906B4BE1D2DE76D0097D73B /* Build configuration list for PBXNativeTarget "Puss" */ = {
			isa = XCConfigurationList;
			buildConfigurations = (
				2906B4BF1D2DE76D0097D73B /* Debug */,
				2906B4C01D2DE76D0097D73B /* Release */,
			);
			defaultConfigurationIsVisible = 0;
		};
/* End XCConfigurationList section */
	};
	rootObject = 2906B4A71D2DE76D0097D73B /* Project object */;
}
